
Microsoft Visual Studio Solution File, Format Version 12.00
# Visual Studio Version 17
VisualStudioVersion = 17.0.31903.59
MinimumVisualStudioVersion = 10.0.40219.1
Project("{2150E333-8FDC-42A3-9474-1A3956D46DE8}") = "src", "src", "{F06098B6-73A2-4571-BBE1-92C8017F4050}"
EndProject
Project("{FAE04EC0-301F-11D3-BF4B-00C04F79EFBC}") = "ProtoActor", "src\ProtoActor\ProtoActor.csproj", "{FD44CCF4-BB8F-48AA-B1B6-329957DDFB84}"
EndProject
Project("{FAE04EC0-301F-11D3-BF4B-00C04F79EFBC}") = "Shared", "src\Shared\Shared.csproj", "{A3555887-271D-400A-9B14-5F1917899A8E}"
EndProject
Project("{FAE04EC0-301F-11D3-BF4B-00C04F79EFBC}") = "TestPublisher", "src\TestPublisher\TestPublisher.csproj", "{90BA2CED-D6F2-416D-88CA-033CF4B31AD8}"
EndProject
Project("{FAE04EC0-301F-11D3-BF4B-00C04F79EFBC}") = "AkkaDotNet", "src\AkkaDotNet\AkkaDotNet.csproj", "{FD409D00-E34C-44B6-9499-B335D496708E}"
EndProject
Project("{FAE04EC0-301F-11D3-BF4B-00C04F79EFBC}") = "ProtoActorWithBatchingOnForwarder", "src\ProtoActorWithBatchingOnForwarder\ProtoActorWithBatchingOnForwarder.csproj", "{3A13D726-465B-429B-A96F-D94793551677}"
EndProject
Global
	GlobalSection(SolutionConfigurationPlatforms) = preSolution
		Debug|Any CPU = Debug|Any CPU
		Release|Any CPU = Release|Any CPU
	EndGlobalSection
	GlobalSection(SolutionProperties) = preSolution
		HideSolutionNode = FALSE
	EndGlobalSection
	GlobalSection(ProjectConfigurationPlatforms) = postSolution
		{FD44CCF4-BB8F-48AA-B1B6-329957DDFB84}.Debug|Any CPU.ActiveCfg = Debug|Any CPU
		{FD44CCF4-BB8F-48AA-B1B6-329957DDFB84}.Debug|Any CPU.Build.0 = Debug|Any CPU
		{FD44CCF4-BB8F-48AA-B1B6-329957DDFB84}.Release|Any CPU.ActiveCfg = Release|Any CPU
		{FD44CCF4-BB8F-48AA-B1B6-329957DDFB84}.Release|Any CPU.Build.0 = Release|Any CPU
		{A3555887-271D-400A-9B14-5F1917899A8E}.Debug|Any CPU.ActiveCfg = Debug|Any CPU
		{A3555887-271D-400A-9B14-5F1917899A8E}.Debug|Any CPU.Build.0 = Debug|Any CPU
		{A3555887-271D-400A-9B14-5F1917899A8E}.Release|Any CPU.ActiveCfg = Release|Any CPU
		{A3555887-271D-400A-9B14-5F1917899A8E}.Release|Any CPU.Build.0 = Release|Any CPU
		{90BA2CED-D6F2-416D-88CA-033CF4B31AD8}.Debug|Any CPU.ActiveCfg = Debug|Any CPU
		{90BA2CED-D6F2-416D-88CA-033CF4B31AD8}.Debug|Any CPU.Build.0 = Debug|Any CPU
		{90BA2CED-D6F2-416D-88CA-033CF4B31AD8}.Release|Any CPU.ActiveCfg = Release|Any CPU
		{90BA2CED-D6F2-416D-88CA-033CF4B31AD8}.Release|Any CPU.Build.0 = Release|Any CPU
		{FD409D00-E34C-44B6-9499-B335D496708E}.Debug|Any CPU.ActiveCfg = Debug|Any CPU
		{FD409D00-E34C-44B6-9499-B335D496708E}.Debug|Any CPU.Build.0 = Debug|Any CPU
		{FD409D00-E34C-44B6-9499-B335D496708E}.Release|Any CPU.ActiveCfg = Release|Any CPU
		{FD409D00-E34C-44B6-9499-B335D496708E}.Release|Any CPU.Build.0 = Release|Any CPU
		{3A13D726-465B-429B-A96F-D94793551677}.Debug|Any CPU.ActiveCfg = Debug|Any CPU
		{3A13D726-465B-429B-A96F-D94793551677}.Debug|Any CPU.Build.0 = Debug|Any CPU
		{3A13D726-465B-429B-A96F-D94793551677}.Release|Any CPU.ActiveCfg = Release|Any CPU
		{3A13D726-465B-429B-A96F-D94793551677}.Release|Any CPU.Build.0 = Release|Any CPU
	EndGlobalSection
	GlobalSection(NestedProjects) = preSolution
		{FD44CCF4-BB8F-48AA-B1B6-329957DDFB84} = {F06098B6-73A2-4571-BBE1-92C8017F4050}
		{A3555887-271D-400A-9B14-5F1917899A8E} = {F06098B6-73A2-4571-BBE1-92C8017F4050}
		{90BA2CED-D6F2-416D-88CA-033CF4B31AD8} = {F06098B6-73A2-4571-BBE1-92C8017F4050}
		{FD409D00-E34C-44B6-9499-B335D496708E} = {F06098B6-73A2-4571-BBE1-92C8017F4050}
		{3A13D726-465B-429B-A96F-D94793551677} = {F06098B6-73A2-4571-BBE1-92C8017F4050}
	EndGlobalSection
EndGlobal
